
Microsoft Visual Studio Solution File, Format Version 12.00
# Visual Studio Version 17
VisualStudioVersion = 17.7.34024.191
MinimumVisualStudioVersion = 10.0.40219.1
Project("{FAE04EC0-301F-11D3-BF4B-00C04F79EFBC}") = "Kafka.Producer.Api", "Kafka.Producer.Api.csproj", "{1D0BF0C5-C50D-4E6B-B43D-28CBFE25636F}"
EndProject
Project("{FAE04EC0-301F-11D3-BF4B-00C04F79EFBC}") = "Kafka.Consumer.Console", "..\Kafka.Consumer.Console\Kafka.Consumer.Console.csproj", "{989D705E-A5A5-4E97-838D-004145F9BB76}"
EndProject
Global
	GlobalSection(SolutionConfigurationPlatforms) = preSolution
		Debug|Any CPU = Debug|Any CPU
		Release|Any CPU = Release|Any CPU
	EndGlobalSection
	GlobalSection(ProjectConfigurationPlatforms) = postSolution
		{1D0BF0C5-C50D-4E6B-B43D-28CBFE25636F}.Debug|Any CPU.ActiveCfg = Debug|Any CPU
		{1D0BF0C5-C50D-4E6B-B43D-28CBFE25636F}.Debug|Any CPU.Build.0 = Debug|Any CPU
		{1D0BF0C5-C50D-4E6B-B43D-28CBFE25636F}.Release|Any CPU.ActiveCfg = Release|Any CPU
		{1D0BF0C5-C50D-4E6B-B43D-28CBFE25636F}.Release|Any CPU.Build.0 = Release|Any CPU
		{989D705E-A5A5-4E97-838D-004145F9BB76}.Debug|Any CPU.ActiveCfg = Debug|Any CPU
		{989D705E-A5A5-4E97-838D-004145F9BB76}.Debug|Any CPU.Build.0 = Debug|Any CPU
		{989D705E-A5A5-4E97-838D-004145F9BB76}.Release|Any CPU.ActiveCfg = Release|Any CPU
		{989D705E-A5A5-4E97-838D-004145F9BB76}.Release|Any CPU.Build.0 = Release|Any CPU
	EndGlobalSection
	GlobalSection(SolutionProperties) = preSolution
		HideSolutionNode = FALSE
	EndGlobalSection
	GlobalSection(ExtensibilityGlobals) = postSolution
		SolutionGuid = {171ED2F4-5CE6-46C3-94A5-8D8CDE8EBA34}
	EndGlobalSection
EndGlobal
